
Microsoft Visual Studio Solution File, Format Version 12.00
# Visual Studio 2012
Project("{FAE04EC0-301F-11D3-BF4B-00C04F79EFBC}") = "StJohnEPAD", "StJohnEPAD\StJohnEPAD.csproj", "{9F315E2A-A437-46BD-A414-634B0AD8E74A}"
EndProject
Global
	GlobalSection(SolutionConfigurationPlatforms) = preSolution
		Debug|Any CPU = Debug|Any CPU
		Release|Any CPU = Release|Any CPU
	EndGlobalSection
	GlobalSection(ProjectConfigurationPlatforms) = postSolution
		{9F315E2A-A437-46BD-A414-634B0AD8E74A}.Debug|Any CPU.ActiveCfg = Debug|Any CPU
		{9F315E2A-A437-46BD-A414-634B0AD8E74A}.Debug|Any CPU.Build.0 = Debug|Any CPU
		{9F315E2A-A437-46BD-A414-634B0AD8E74A}.Release|Any CPU.ActiveCfg = Release|Any CPU
		{9F315E2A-A437-46BD-A414-634B0AD8E74A}.Release|Any CPU.Build.0 = Release|Any CPU
	EndGlobalSection
	GlobalSection(SolutionProperties) = preSolution
		HideSolutionNode = FALSE
	EndGlobalSection
EndGlobal
